// !$*UTF8*$!
{
	archiveVersion = 1;
	classes = {
	};
	objectVersion = 56;
	objects = {

/* Begin PBXBuildFile section */
		112A0F412B9CBFDB00F5B5D0 /* UIColor+hex.swift in Sources */ = {isa = PBXBuildFile; fileRef = 112A0F402B9CBFDB00F5B5D0 /* UIColor+hex.swift */; };
		115E476A2B9A3E7E009E8B85 /* FlexColorPicker in Frameworks */ = {isa = PBXBuildFile; productRef = 115E47692B9A3E7E009E8B85 /* FlexColorPicker */; };
		118EAD0C2B965CC900F6A8BD /* UPCarouselFlowLayout.swift in Sources */ = {isa = PBXBuildFile; fileRef = 118EAD0B2B965CC900F6A8BD /* UPCarouselFlowLayout.swift */; };
		118EAD0E2B9663A800F6A8BD /* DatabaseManager.swift in Sources */ = {isa = PBXBuildFile; fileRef = 118EAD0D2B9663A800F6A8BD /* DatabaseManager.swift */; };
		118EAD112B96641700F6A8BD /* LEDapp.xcdatamodeld in Sources */ = {isa = PBXBuildFile; fileRef = 118EAD0F2B96641600F6A8BD /* LEDapp.xcdatamodeld */; };
		11A1D3EB2B94F8E6003184AA /* ScannerView.swift in Sources */ = {isa = PBXBuildFile; fileRef = 11A1D3EA2B94F8E6003184AA /* ScannerView.swift */; };
		11A1D3ED2B94F911003184AA /* QRCodePreviewLayer.swift in Sources */ = {isa = PBXBuildFile; fileRef = 11A1D3EC2B94F911003184AA /* QRCodePreviewLayer.swift */; };
		11C621A32B936493006B15F7 /* DefaultTabBarViewModel.swift in Sources */ = {isa = PBXBuildFile; fileRef = 11C6219D2B936493006B15F7 /* DefaultTabBarViewModel.swift */; };
		11C621A52B936493006B15F7 /* BEKCurveTabbarController.swift in Sources */ = {isa = PBXBuildFile; fileRef = 11C6219F2B936493006B15F7 /* BEKCurveTabbarController.swift */; };
		11C621A62B936493006B15F7 /* BEKTabBarViewModelType.swift in Sources */ = {isa = PBXBuildFile; fileRef = 11C621A02B936493006B15F7 /* BEKTabBarViewModelType.swift */; };
		11C621A72B936493006B15F7 /* TabbarHeightRatios.swift in Sources */ = {isa = PBXBuildFile; fileRef = 11C621A12B936493006B15F7 /* TabbarHeightRatios.swift */; };
		11C621A82B936493006B15F7 /* BEKCurveTabbar.swift in Sources */ = {isa = PBXBuildFile; fileRef = 11C621A22B936493006B15F7 /* BEKCurveTabbar.swift */; };
		11C621AA2B9364B9006B15F7 /* MyCustomTabBarViewModel.swift in Sources */ = {isa = PBXBuildFile; fileRef = 11C621A92B9364B9006B15F7 /* MyCustomTabBarViewModel.swift */; };
		11C621AC2B936715006B15F7 /* CustomTabBar.storyboard in Resources */ = {isa = PBXBuildFile; fileRef = 11C621AB2B936715006B15F7 /* CustomTabBar.storyboard */; };
		11C621AF2B938D1A006B15F7 /* HomeKitManager.swift in Sources */ = {isa = PBXBuildFile; fileRef = 11C621AE2B938D1A006B15F7 /* HomeKitManager.swift */; };
		11E0BA0D2B98EE7000656C31 /* AxisTabView in Frameworks */ = {isa = PBXBuildFile; productRef = 11E0BA0C2B98EE7000656C31 /* AxisTabView */; };
		11E0BA0F2B98F06500656C31 /* CustomTabBarView.swift in Sources */ = {isa = PBXBuildFile; fileRef = 11E0BA0E2B98F06500656C31 /* CustomTabBarView.swift */; };
		F6078D972B97370800C9575A /* SyncWithMusicViewController.swift in Sources */ = {isa = PBXBuildFile; fileRef = F6078D962B97370800C9575A /* SyncWithMusicViewController.swift */; };
		F62DE9272B9A3B39002F8FDA /* ConfigurableSwitchControl.swift in Sources */ = {isa = PBXBuildFile; fileRef = F62DE9232B9A3B39002F8FDA /* ConfigurableSwitchControl.swift */; };
		F62DE9282B9A3B39002F8FDA /* UIConstant.swift in Sources */ = {isa = PBXBuildFile; fileRef = F62DE9242B9A3B39002F8FDA /* UIConstant.swift */; };
		F62DE9292B9A3B39002F8FDA /* LayoutGuideProtocol.swift in Sources */ = {isa = PBXBuildFile; fileRef = F62DE9252B9A3B39002F8FDA /* LayoutGuideProtocol.swift */; };
		F62DE92A2B9A3B39002F8FDA /* UtilityExtensions.swift in Sources */ = {isa = PBXBuildFile; fileRef = F62DE9262B9A3B39002F8FDA /* UtilityExtensions.swift */; };
		F62DE92C2B9A3D26002F8FDA /* Onboarding.storyboard in Resources */ = {isa = PBXBuildFile; fileRef = F62DE92B2B9A3D26002F8FDA /* Onboarding.storyboard */; };
		F62DE92F2B9A4474002F8FDA /* FirstPageViewController.swift in Sources */ = {isa = PBXBuildFile; fileRef = F62DE92E2B9A4474002F8FDA /* FirstPageViewController.swift */; };
		F62DE9312B9A447D002F8FDA /* SecondPageViewController.swift in Sources */ = {isa = PBXBuildFile; fileRef = F62DE9302B9A447D002F8FDA /* SecondPageViewController.swift */; };
		F62DE9332B9A4488002F8FDA /* ThirdPageViewController.swift in Sources */ = {isa = PBXBuildFile; fileRef = F62DE9322B9A4488002F8FDA /* ThirdPageViewController.swift */; };
		F62DE9352B9A4493002F8FDA /* FourthPageViewController.swift in Sources */ = {isa = PBXBuildFile; fileRef = F62DE9342B9A4493002F8FDA /* FourthPageViewController.swift */; };
		F6505C4A2B936A2800D47128 /* SelectAccessoryViewController.swift in Sources */ = {isa = PBXBuildFile; fileRef = F6505C492B936A2800D47128 /* SelectAccessoryViewController.swift */; };
		F6505C4C2B936A3700D47128 /* SelectAccessoryViewController.storyboard in Resources */ = {isa = PBXBuildFile; fileRef = F6505C4B2B936A3700D47128 /* SelectAccessoryViewController.storyboard */; };
		F6505C4E2B936C3000D47128 /* SelectAccessoryCell.xib in Resources */ = {isa = PBXBuildFile; fileRef = F6505C4D2B936C3000D47128 /* SelectAccessoryCell.xib */; };
		F6505C502B936C4B00D47128 /* SelectAccessoryCell.swift in Sources */ = {isa = PBXBuildFile; fileRef = F6505C4F2B936C4B00D47128 /* SelectAccessoryCell.swift */; };
		F6505C532B936DDD00D47128 /* RoomBottomSheets.storyboard in Resources */ = {isa = PBXBuildFile; fileRef = F6505C522B936DDD00D47128 /* RoomBottomSheets.storyboard */; };
		F6505C572B9372C100D47128 /* AddRoomViewController.swift in Sources */ = {isa = PBXBuildFile; fileRef = F6505C562B9372C100D47128 /* AddRoomViewController.swift */; };
		F6739B9E2B9A4CA400734226 /* SubscriptionViewController.swift in Sources */ = {isa = PBXBuildFile; fileRef = F6739B9D2B9A4CA400734226 /* SubscriptionViewController.swift */; };
		F6739BA02B9A4F0000734226 /* Animation Button.swift in Sources */ = {isa = PBXBuildFile; fileRef = F6739B9F2B9A4F0000734226 /* Animation Button.swift */; };
		F68EAA3C2B91F3E7002B4DF0 /* ColorPickerViewController.swift in Sources */ = {isa = PBXBuildFile; fileRef = F68EAA3B2B91F3E7002B4DF0 /* ColorPickerViewController.swift */; };
		F6A0BC162B8CA4DD0084A0E8 /* Settings.storyboard in Resources */ = {isa = PBXBuildFile; fileRef = F6A0BC152B8CA4DD0084A0E8 /* Settings.storyboard */; };
		F6A0BC182B8CA5CA0084A0E8 /* SettingsCell.xib in Resources */ = {isa = PBXBuildFile; fileRef = F6A0BC172B8CA5CA0084A0E8 /* SettingsCell.xib */; };
		F6A0BC1A2B8CA5DC0084A0E8 /* SettingsCell.swift in Sources */ = {isa = PBXBuildFile; fileRef = F6A0BC192B8CA5DC0084A0E8 /* SettingsCell.swift */; };
		F6A0BC1E2B8CAB230084A0E8 /* SettingsModel.swift in Sources */ = {isa = PBXBuildFile; fileRef = F6A0BC1D2B8CAB230084A0E8 /* SettingsModel.swift */; };
		F6A0BC212B8CAEC30084A0E8 /* Localizable.strings in Resources */ = {isa = PBXBuildFile; fileRef = F6A0BC232B8CAEC30084A0E8 /* Localizable.strings */; };
		F6A0BC2D2B8CB02B0084A0E8 /* String+localization.swift in Sources */ = {isa = PBXBuildFile; fileRef = F6A0BC2C2B8CB02B0084A0E8 /* String+localization.swift */; };
		F6A0BC2F2B8CB9900084A0E8 /* MainViewController.swift in Sources */ = {isa = PBXBuildFile; fileRef = F6A0BC2E2B8CB9900084A0E8 /* MainViewController.swift */; };
		F6A0BC312B8CBA9F0084A0E8 /* Assets.xcassets in Resources */ = {isa = PBXBuildFile; fileRef = F6A0BC302B8CBA9F0084A0E8 /* Assets.xcassets */; };
		F6A0BC3A2B8E44FA0084A0E8 /* ScanDeviceView.storyboard in Resources */ = {isa = PBXBuildFile; fileRef = F6A0BC392B8E44FA0084A0E8 /* ScanDeviceView.storyboard */; };
		F6A0BC3C2B8E450C0084A0E8 /* ScanDeviceView.swift in Sources */ = {isa = PBXBuildFile; fileRef = F6A0BC3B2B8E450C0084A0E8 /* ScanDeviceView.swift */; };
		F6B176DC2B91EA4300932231 /* MainScreenCell.xib in Resources */ = {isa = PBXBuildFile; fileRef = F6B176DB2B91EA4300932231 /* MainScreenCell.xib */; };
		F6B176DF2B91EA5400932231 /* MainScreenCell.swift in Sources */ = {isa = PBXBuildFile; fileRef = F6B176DE2B91EA5400932231 /* MainScreenCell.swift */; };
		F6B176E12B91EED400932231 /* ColorPicker.storyboard in Resources */ = {isa = PBXBuildFile; fileRef = F6B176E02B91EED400932231 /* ColorPicker.storyboard */; };
		F6B68A732B96630500A86418 /* MusicIphoneViewController.swift in Sources */ = {isa = PBXBuildFile; fileRef = F6B68A722B96630500A86418 /* MusicIphoneViewController.swift */; };
		F6B8B8462B938F68001FE671 /* ChoosenRoomViewController.swift in Sources */ = {isa = PBXBuildFile; fileRef = F6B8B8452B938F68001FE671 /* ChoosenRoomViewController.swift */; };
		F6B8B8482B94C1E4001FE671 /* Rooms.storyboard in Resources */ = {isa = PBXBuildFile; fileRef = F6B8B8472B94C1E4001FE671 /* Rooms.storyboard */; };
		F6B8B84A2B94C210001FE671 /* RoomsViewController.swift in Sources */ = {isa = PBXBuildFile; fileRef = F6B8B8492B94C210001FE671 /* RoomsViewController.swift */; };
		F6B8B84C2B94C6E3001FE671 /* AddedRoomCell.xib in Resources */ = {isa = PBXBuildFile; fileRef = F6B8B84B2B94C6E3001FE671 /* AddedRoomCell.xib */; };
		F6B8B84E2B94C711001FE671 /* AddedRoomCell.swift in Sources */ = {isa = PBXBuildFile; fileRef = F6B8B84D2B94C711001FE671 /* AddedRoomCell.swift */; };
		F6C91EE02B94D7C3005FB008 /* AddLightViewController.swift in Sources */ = {isa = PBXBuildFile; fileRef = F6C91EDF2B94D7C3005FB008 /* AddLightViewController.swift */; };
		F6C91EE22B961327005FB008 /* MusicPlayer.storyboard in Resources */ = {isa = PBXBuildFile; fileRef = F6C91EE12B961327005FB008 /* MusicPlayer.storyboard */; };
		F6C91EE52B96145C005FB008 /* PlaybackLightView.storyboard in Resources */ = {isa = PBXBuildFile; fileRef = F6C91EE42B96145C005FB008 /* PlaybackLightView.storyboard */; };
		F6C91EE72B961476005FB008 /* MusicPlayerViewController.swift in Sources */ = {isa = PBXBuildFile; fileRef = F6C91EE62B961476005FB008 /* MusicPlayerViewController.swift */; };
		F6C91EEA2B961755005FB008 /* PlaybackLightViewController.swift in Sources */ = {isa = PBXBuildFile; fileRef = F6C91EE92B961755005FB008 /* PlaybackLightViewController.swift */; };
		F6C91EEC2B965424005FB008 /* CollectionImages.storyboard in Resources */ = {isa = PBXBuildFile; fileRef = F6C91EEB2B965424005FB008 /* CollectionImages.storyboard */; };
		F6C91EEE2B965455005FB008 /* CollectionImagesViewController.swift in Sources */ = {isa = PBXBuildFile; fileRef = F6C91EED2B965455005FB008 /* CollectionImagesViewController.swift */; };
		F6C91EF02B965564005FB008 /* CollectionImageCell.xib in Resources */ = {isa = PBXBuildFile; fileRef = F6C91EEF2B965564005FB008 /* CollectionImageCell.xib */; };
		F6C91EF22B965585005FB008 /* CollectionImageCell.swift in Sources */ = {isa = PBXBuildFile; fileRef = F6C91EF12B965585005FB008 /* CollectionImageCell.swift */; };
		F6E415A92B9076E600D8B418 /* LightingDeviceViewController.swift in Sources */ = {isa = PBXBuildFile; fileRef = F6E415A82B9076E600D8B418 /* LightingDeviceViewController.swift */; };
		F6E415AB2B907A3600D8B418 /* ConnectionDeviceViewController.swift in Sources */ = {isa = PBXBuildFile; fileRef = F6E415AA2B907A3600D8B418 /* ConnectionDeviceViewController.swift */; };
		F6EB00F82B8C9FBB005139CC /* AppDelegate.swift in Sources */ = {isa = PBXBuildFile; fileRef = F6EB00F72B8C9FBB005139CC /* AppDelegate.swift */; };
		F6EB00FA2B8C9FBB005139CC /* SceneDelegate.swift in Sources */ = {isa = PBXBuildFile; fileRef = F6EB00F92B8C9FBB005139CC /* SceneDelegate.swift */; };
		F6EB00FC2B8C9FBB005139CC /* SettingsViewController.swift in Sources */ = {isa = PBXBuildFile; fileRef = F6EB00FB2B8C9FBB005139CC /* SettingsViewController.swift */; };
		F6EB00FF2B8C9FBB005139CC /* Main.storyboard in Resources */ = {isa = PBXBuildFile; fileRef = F6EB00FD2B8C9FBB005139CC /* Main.storyboard */; };
		F6EB01042B8C9FBC005139CC /* LaunchScreen.storyboard in Resources */ = {isa = PBXBuildFile; fileRef = F6EB01022B8C9FBC005139CC /* LaunchScreen.storyboard */; };
		F6EB010F2B8C9FBC005139CC /* LedLampTests.swift in Sources */ = {isa = PBXBuildFile; fileRef = F6EB010E2B8C9FBC005139CC /* LedLampTests.swift */; };
		F6EB01192B8C9FBC005139CC /* LedLampUITests.swift in Sources */ = {isa = PBXBuildFile; fileRef = F6EB01182B8C9FBC005139CC /* LedLampUITests.swift */; };
		F6EB011B2B8C9FBC005139CC /* LedLampUITestsLaunchTests.swift in Sources */ = {isa = PBXBuildFile; fileRef = F6EB011A2B8C9FBC005139CC /* LedLampUITestsLaunchTests.swift */; };
		F6EB01342B8CA156005139CC /* ChakraPetch-Regular.ttf in Resources */ = {isa = PBXBuildFile; fileRef = F6EB012F2B8CA156005139CC /* ChakraPetch-Regular.ttf */; };
		F6EB01352B8CA156005139CC /* ChakraPetch-Bold.ttf in Resources */ = {isa = PBXBuildFile; fileRef = F6EB01302B8CA156005139CC /* ChakraPetch-Bold.ttf */; };
		F6EB01362B8CA156005139CC /* ChakraPetch-SemiBold.ttf in Resources */ = {isa = PBXBuildFile; fileRef = F6EB01312B8CA156005139CC /* ChakraPetch-SemiBold.ttf */; };
		F6EB01372B8CA156005139CC /* ChakraPetch-Medium.ttf in Resources */ = {isa = PBXBuildFile; fileRef = F6EB01322B8CA156005139CC /* ChakraPetch-Medium.ttf */; };
		F6EB01382B8CA156005139CC /* ChakraPetch-Light.ttf in Resources */ = {isa = PBXBuildFile; fileRef = F6EB01332B8CA156005139CC /* ChakraPetch-Light.ttf */; };
		F6EFECAA2B8E491300041B96 /* BottomSheet in Frameworks */ = {isa = PBXBuildFile; productRef = F6EFECA92B8E491300041B96 /* BottomSheet */; };
		F6F827592B907DC800F1BB61 /* TextField.swift in Sources */ = {isa = PBXBuildFile; fileRef = F6F827582B907DC800F1BB61 /* TextField.swift */; };
		F6F8275B2B907EF100F1BB61 /* DeviceNameLocationViewController.swift in Sources */ = {isa = PBXBuildFile; fileRef = F6F8275A2B907EF100F1BB61 /* DeviceNameLocationViewController.swift */; };
		F6F8275F2B9080A200F1BB61 /* DeviceLocationCell.xib in Resources */ = {isa = PBXBuildFile; fileRef = F6F8275E2B9080A200F1BB61 /* DeviceLocationCell.xib */; };
		F6F827612B90810A00F1BB61 /* DeviceLocationCell.swift in Sources */ = {isa = PBXBuildFile; fileRef = F6F827602B90810A00F1BB61 /* DeviceLocationCell.swift */; };
		F6F827642B90820000F1BB61 /* LocationCollectionViewModel.swift in Sources */ = {isa = PBXBuildFile; fileRef = F6F827632B90820000F1BB61 /* LocationCollectionViewModel.swift */; };
		F6F827672B9086D300F1BB61 /* IQKeyboardManagerSwift in Frameworks */ = {isa = PBXBuildFile; productRef = F6F827662B9086D300F1BB61 /* IQKeyboardManagerSwift */; };
		F6F827692B9089B900F1BB61 /* DeviceAddedViewController.swift in Sources */ = {isa = PBXBuildFile; fileRef = F6F827682B9089B900F1BB61 /* DeviceAddedViewController.swift */; };
/* End PBXBuildFile section */

/* Begin PBXContainerItemProxy section */
		F6EB010B2B8C9FBC005139CC /* PBXContainerItemProxy */ = {
			isa = PBXContainerItemProxy;
			containerPortal = F6EB00EC2B8C9FBB005139CC /* Project object */;
			proxyType = 1;
			remoteGlobalIDString = F6EB00F32B8C9FBB005139CC;
			remoteInfo = LedLamp;
		};
		F6EB01152B8C9FBC005139CC /* PBXContainerItemProxy */ = {
			isa = PBXContainerItemProxy;
			containerPortal = F6EB00EC2B8C9FBB005139CC /* Project object */;
			proxyType = 1;
			remoteGlobalIDString = F6EB00F32B8C9FBB005139CC;
			remoteInfo = LedLamp;
		};
/* End PBXContainerItemProxy section */

/* Begin PBXFileReference section */
		112A0F402B9CBFDB00F5B5D0 /* UIColor+hex.swift */ = {isa = PBXFileReference; lastKnownFileType = sourcecode.swift; path = "UIColor+hex.swift"; sourceTree = "<group>"; };
		118EAD0B2B965CC900F6A8BD /* UPCarouselFlowLayout.swift */ = {isa = PBXFileReference; fileEncoding = 4; lastKnownFileType = sourcecode.swift; path = UPCarouselFlowLayout.swift; sourceTree = "<group>"; };
		118EAD0D2B9663A800F6A8BD /* DatabaseManager.swift */ = {isa = PBXFileReference; lastKnownFileType = sourcecode.swift; path = DatabaseManager.swift; sourceTree = "<group>"; };
		118EAD102B96641600F6A8BD /* LEDapp.xcdatamodel */ = {isa = PBXFileReference; lastKnownFileType = wrapper.xcdatamodel; path = LEDapp.xcdatamodel; sourceTree = "<group>"; };
		11A1D3EA2B94F8E6003184AA /* ScannerView.swift */ = {isa = PBXFileReference; lastKnownFileType = sourcecode.swift; path = ScannerView.swift; sourceTree = "<group>"; };
		11A1D3EC2B94F911003184AA /* QRCodePreviewLayer.swift */ = {isa = PBXFileReference; lastKnownFileType = sourcecode.swift; path = QRCodePreviewLayer.swift; sourceTree = "<group>"; };
		11A9CFE82B9B775100F4B392 /* LedLamp.entitlements */ = {isa = PBXFileReference; fileEncoding = 4; lastKnownFileType = text.plist.entitlements; path = LedLamp.entitlements; sourceTree = "<group>"; };
		11C6219D2B936493006B15F7 /* DefaultTabBarViewModel.swift */ = {isa = PBXFileReference; fileEncoding = 4; lastKnownFileType = sourcecode.swift; path = DefaultTabBarViewModel.swift; sourceTree = "<group>"; };
		11C6219F2B936493006B15F7 /* BEKCurveTabbarController.swift */ = {isa = PBXFileReference; fileEncoding = 4; lastKnownFileType = sourcecode.swift; path = BEKCurveTabbarController.swift; sourceTree = "<group>"; };
		11C621A02B936493006B15F7 /* BEKTabBarViewModelType.swift */ = {isa = PBXFileReference; fileEncoding = 4; lastKnownFileType = sourcecode.swift; path = BEKTabBarViewModelType.swift; sourceTree = "<group>"; };
		11C621A12B936493006B15F7 /* TabbarHeightRatios.swift */ = {isa = PBXFileReference; fileEncoding = 4; lastKnownFileType = sourcecode.swift; path = TabbarHeightRatios.swift; sourceTree = "<group>"; };
		11C621A22B936493006B15F7 /* BEKCurveTabbar.swift */ = {isa = PBXFileReference; fileEncoding = 4; lastKnownFileType = sourcecode.swift; path = BEKCurveTabbar.swift; sourceTree = "<group>"; };
		11C621A92B9364B9006B15F7 /* MyCustomTabBarViewModel.swift */ = {isa = PBXFileReference; fileEncoding = 4; lastKnownFileType = sourcecode.swift; path = MyCustomTabBarViewModel.swift; sourceTree = "<group>"; };
		11C621AB2B936715006B15F7 /* CustomTabBar.storyboard */ = {isa = PBXFileReference; lastKnownFileType = file.storyboard; path = CustomTabBar.storyboard; sourceTree = "<group>"; };
		11C621AE2B938D1A006B15F7 /* HomeKitManager.swift */ = {isa = PBXFileReference; lastKnownFileType = sourcecode.swift; path = HomeKitManager.swift; sourceTree = "<group>"; };
		11E0BA0E2B98F06500656C31 /* CustomTabBarView.swift */ = {isa = PBXFileReference; lastKnownFileType = sourcecode.swift; path = CustomTabBarView.swift; sourceTree = "<group>"; };
		11F63F9F2B9A62B000523E22 /* LedLampRelease.entitlements */ = {isa = PBXFileReference; fileEncoding = 4; lastKnownFileType = text.plist.entitlements; path = LedLampRelease.entitlements; sourceTree = "<group>"; };
		F6078D962B97370800C9575A /* SyncWithMusicViewController.swift */ = {isa = PBXFileReference; lastKnownFileType = sourcecode.swift; path = SyncWithMusicViewController.swift; sourceTree = "<group>"; };
		F62DE9232B9A3B39002F8FDA /* ConfigurableSwitchControl.swift */ = {isa = PBXFileReference; fileEncoding = 4; lastKnownFileType = sourcecode.swift; path = ConfigurableSwitchControl.swift; sourceTree = "<group>"; };
		F62DE9242B9A3B39002F8FDA /* UIConstant.swift */ = {isa = PBXFileReference; fileEncoding = 4; lastKnownFileType = sourcecode.swift; path = UIConstant.swift; sourceTree = "<group>"; };
		F62DE9252B9A3B39002F8FDA /* LayoutGuideProtocol.swift */ = {isa = PBXFileReference; fileEncoding = 4; lastKnownFileType = sourcecode.swift; path = LayoutGuideProtocol.swift; sourceTree = "<group>"; };
		F62DE9262B9A3B39002F8FDA /* UtilityExtensions.swift */ = {isa = PBXFileReference; fileEncoding = 4; lastKnownFileType = sourcecode.swift; path = UtilityExtensions.swift; sourceTree = "<group>"; };
		F62DE92B2B9A3D26002F8FDA /* Onboarding.storyboard */ = {isa = PBXFileReference; lastKnownFileType = file.storyboard; path = Onboarding.storyboard; sourceTree = "<group>"; };
		F62DE92E2B9A4474002F8FDA /* FirstPageViewController.swift */ = {isa = PBXFileReference; lastKnownFileType = sourcecode.swift; path = FirstPageViewController.swift; sourceTree = "<group>"; };
		F62DE9302B9A447D002F8FDA /* SecondPageViewController.swift */ = {isa = PBXFileReference; lastKnownFileType = sourcecode.swift; path = SecondPageViewController.swift; sourceTree = "<group>"; };
		F62DE9322B9A4488002F8FDA /* ThirdPageViewController.swift */ = {isa = PBXFileReference; lastKnownFileType = sourcecode.swift; path = ThirdPageViewController.swift; sourceTree = "<group>"; };
		F62DE9342B9A4493002F8FDA /* FourthPageViewController.swift */ = {isa = PBXFileReference; lastKnownFileType = sourcecode.swift; path = FourthPageViewController.swift; sourceTree = "<group>"; };
		F6505C492B936A2800D47128 /* SelectAccessoryViewController.swift */ = {isa = PBXFileReference; lastKnownFileType = sourcecode.swift; path = SelectAccessoryViewController.swift; sourceTree = "<group>"; };
		F6505C4B2B936A3700D47128 /* SelectAccessoryViewController.storyboard */ = {isa = PBXFileReference; lastKnownFileType = file.storyboard; path = SelectAccessoryViewController.storyboard; sourceTree = "<group>"; };
		F6505C4D2B936C3000D47128 /* SelectAccessoryCell.xib */ = {isa = PBXFileReference; lastKnownFileType = file.xib; path = SelectAccessoryCell.xib; sourceTree = "<group>"; };
		F6505C4F2B936C4B00D47128 /* SelectAccessoryCell.swift */ = {isa = PBXFileReference; lastKnownFileType = sourcecode.swift; path = SelectAccessoryCell.swift; sourceTree = "<group>"; };
		F6505C522B936DDD00D47128 /* RoomBottomSheets.storyboard */ = {isa = PBXFileReference; lastKnownFileType = file.storyboard; path = RoomBottomSheets.storyboard; sourceTree = "<group>"; };
		F6505C562B9372C100D47128 /* AddRoomViewController.swift */ = {isa = PBXFileReference; lastKnownFileType = sourcecode.swift; path = AddRoomViewController.swift; sourceTree = "<group>"; };
		F6739B9D2B9A4CA400734226 /* SubscriptionViewController.swift */ = {isa = PBXFileReference; lastKnownFileType = sourcecode.swift; path = SubscriptionViewController.swift; sourceTree = "<group>"; };
		F6739B9F2B9A4F0000734226 /* Animation Button.swift */ = {isa = PBXFileReference; lastKnownFileType = sourcecode.swift; path = "Animation Button.swift"; sourceTree = "<group>"; };
		F68EAA3B2B91F3E7002B4DF0 /* ColorPickerViewController.swift */ = {isa = PBXFileReference; lastKnownFileType = sourcecode.swift; path = ColorPickerViewController.swift; sourceTree = "<group>"; };
		F6A0BC152B8CA4DD0084A0E8 /* Settings.storyboard */ = {isa = PBXFileReference; lastKnownFileType = file.storyboard; path = Settings.storyboard; sourceTree = "<group>"; };
		F6A0BC172B8CA5CA0084A0E8 /* SettingsCell.xib */ = {isa = PBXFileReference; lastKnownFileType = file.xib; path = SettingsCell.xib; sourceTree = "<group>"; };
		F6A0BC192B8CA5DC0084A0E8 /* SettingsCell.swift */ = {isa = PBXFileReference; lastKnownFileType = sourcecode.swift; path = SettingsCell.swift; sourceTree = "<group>"; };
		F6A0BC1D2B8CAB230084A0E8 /* SettingsModel.swift */ = {isa = PBXFileReference; lastKnownFileType = sourcecode.swift; path = SettingsModel.swift; sourceTree = "<group>"; };
		F6A0BC222B8CAEC30084A0E8 /* en */ = {isa = PBXFileReference; lastKnownFileType = text.plist.strings; name = en; path = en.lproj/Localizable.strings; sourceTree = "<group>"; };
		F6A0BC242B8CAECE0084A0E8 /* zh-Hant */ = {isa = PBXFileReference; lastKnownFileType = text.plist.strings; name = "zh-Hant"; path = "zh-Hant.lproj/Localizable.strings"; sourceTree = "<group>"; };
		F6A0BC252B8CAED70084A0E8 /* fr */ = {isa = PBXFileReference; lastKnownFileType = text.plist.strings; name = fr; path = fr.lproj/Localizable.strings; sourceTree = "<group>"; };
		F6A0BC262B8CAEE00084A0E8 /* de */ = {isa = PBXFileReference; lastKnownFileType = text.plist.strings; name = de; path = de.lproj/Localizable.strings; sourceTree = "<group>"; };
		F6A0BC272B8CAEE80084A0E8 /* it */ = {isa = PBXFileReference; lastKnownFileType = text.plist.strings; name = it; path = it.lproj/Localizable.strings; sourceTree = "<group>"; };
		F6A0BC282B8CAEF40084A0E8 /* pt-PT */ = {isa = PBXFileReference; lastKnownFileType = text.plist.strings; name = "pt-PT"; path = "pt-PT.lproj/Localizable.strings"; sourceTree = "<group>"; };
		F6A0BC292B8CAEFC0084A0E8 /* ru */ = {isa = PBXFileReference; lastKnownFileType = text.plist.strings; name = ru; path = ru.lproj/Localizable.strings; sourceTree = "<group>"; };
		F6A0BC2A2B8CAF020084A0E8 /* es */ = {isa = PBXFileReference; lastKnownFileType = text.plist.strings; name = es; path = es.lproj/Localizable.strings; sourceTree = "<group>"; };
		F6A0BC2C2B8CB02B0084A0E8 /* String+localization.swift */ = {isa = PBXFileReference; lastKnownFileType = sourcecode.swift; path = "String+localization.swift"; sourceTree = "<group>"; };
		F6A0BC2E2B8CB9900084A0E8 /* MainViewController.swift */ = {isa = PBXFileReference; lastKnownFileType = sourcecode.swift; path = MainViewController.swift; sourceTree = "<group>"; };
		F6A0BC302B8CBA9F0084A0E8 /* Assets.xcassets */ = {isa = PBXFileReference; lastKnownFileType = folder.assetcatalog; path = Assets.xcassets; sourceTree = "<group>"; };
		F6A0BC392B8E44FA0084A0E8 /* ScanDeviceView.storyboard */ = {isa = PBXFileReference; lastKnownFileType = file.storyboard; path = ScanDeviceView.storyboard; sourceTree = "<group>"; };
		F6A0BC3B2B8E450C0084A0E8 /* ScanDeviceView.swift */ = {isa = PBXFileReference; lastKnownFileType = sourcecode.swift; path = ScanDeviceView.swift; sourceTree = "<group>"; };
		F6B176DB2B91EA4300932231 /* MainScreenCell.xib */ = {isa = PBXFileReference; lastKnownFileType = file.xib; path = MainScreenCell.xib; sourceTree = "<group>"; };
		F6B176DE2B91EA5400932231 /* MainScreenCell.swift */ = {isa = PBXFileReference; lastKnownFileType = sourcecode.swift; path = MainScreenCell.swift; sourceTree = "<group>"; };
		F6B176E02B91EED400932231 /* ColorPicker.storyboard */ = {isa = PBXFileReference; lastKnownFileType = file.storyboard; path = ColorPicker.storyboard; sourceTree = "<group>"; };
		F6B68A722B96630500A86418 /* MusicIphoneViewController.swift */ = {isa = PBXFileReference; lastKnownFileType = sourcecode.swift; path = MusicIphoneViewController.swift; sourceTree = "<group>"; };
		F6B8B8452B938F68001FE671 /* ChoosenRoomViewController.swift */ = {isa = PBXFileReference; lastKnownFileType = sourcecode.swift; path = ChoosenRoomViewController.swift; sourceTree = "<group>"; };
		F6B8B8472B94C1E4001FE671 /* Rooms.storyboard */ = {isa = PBXFileReference; lastKnownFileType = file.storyboard; path = Rooms.storyboard; sourceTree = "<group>"; };
		F6B8B8492B94C210001FE671 /* RoomsViewController.swift */ = {isa = PBXFileReference; lastKnownFileType = sourcecode.swift; path = RoomsViewController.swift; sourceTree = "<group>"; };
		F6B8B84B2B94C6E3001FE671 /* AddedRoomCell.xib */ = {isa = PBXFileReference; lastKnownFileType = file.xib; path = AddedRoomCell.xib; sourceTree = "<group>"; };
		F6B8B84D2B94C711001FE671 /* AddedRoomCell.swift */ = {isa = PBXFileReference; lastKnownFileType = sourcecode.swift; path = AddedRoomCell.swift; sourceTree = "<group>"; };
		F6C91EDF2B94D7C3005FB008 /* AddLightViewController.swift */ = {isa = PBXFileReference; lastKnownFileType = sourcecode.swift; path = AddLightViewController.swift; sourceTree = "<group>"; };
		F6C91EE12B961327005FB008 /* MusicPlayer.storyboard */ = {isa = PBXFileReference; lastKnownFileType = file.storyboard; path = MusicPlayer.storyboard; sourceTree = "<group>"; };
		F6C91EE42B96145C005FB008 /* PlaybackLightView.storyboard */ = {isa = PBXFileReference; lastKnownFileType = file.storyboard; path = PlaybackLightView.storyboard; sourceTree = "<group>"; };
		F6C91EE62B961476005FB008 /* MusicPlayerViewController.swift */ = {isa = PBXFileReference; lastKnownFileType = sourcecode.swift; path = MusicPlayerViewController.swift; sourceTree = "<group>"; };
		F6C91EE92B961755005FB008 /* PlaybackLightViewController.swift */ = {isa = PBXFileReference; lastKnownFileType = sourcecode.swift; path = PlaybackLightViewController.swift; sourceTree = "<group>"; };
		F6C91EEB2B965424005FB008 /* CollectionImages.storyboard */ = {isa = PBXFileReference; lastKnownFileType = file.storyboard; path = CollectionImages.storyboard; sourceTree = "<group>"; };
		F6C91EED2B965455005FB008 /* CollectionImagesViewController.swift */ = {isa = PBXFileReference; lastKnownFileType = sourcecode.swift; path = CollectionImagesViewController.swift; sourceTree = "<group>"; };
		F6C91EEF2B965564005FB008 /* CollectionImageCell.xib */ = {isa = PBXFileReference; lastKnownFileType = file.xib; path = CollectionImageCell.xib; sourceTree = "<group>"; };
		F6C91EF12B965585005FB008 /* CollectionImageCell.swift */ = {isa = PBXFileReference; lastKnownFileType = sourcecode.swift; path = CollectionImageCell.swift; sourceTree = "<group>"; };
		F6E415A82B9076E600D8B418 /* LightingDeviceViewController.swift */ = {isa = PBXFileReference; lastKnownFileType = sourcecode.swift; path = LightingDeviceViewController.swift; sourceTree = "<group>"; };
		F6E415AA2B907A3600D8B418 /* ConnectionDeviceViewController.swift */ = {isa = PBXFileReference; lastKnownFileType = sourcecode.swift; path = ConnectionDeviceViewController.swift; sourceTree = "<group>"; };
		F6EB00F42B8C9FBB005139CC /* LedLamp.app */ = {isa = PBXFileReference; explicitFileType = wrapper.application; includeInIndex = 0; path = LedLamp.app; sourceTree = BUILT_PRODUCTS_DIR; };
		F6EB00F72B8C9FBB005139CC /* AppDelegate.swift */ = {isa = PBXFileReference; lastKnownFileType = sourcecode.swift; path = AppDelegate.swift; sourceTree = "<group>"; };
		F6EB00F92B8C9FBB005139CC /* SceneDelegate.swift */ = {isa = PBXFileReference; lastKnownFileType = sourcecode.swift; path = SceneDelegate.swift; sourceTree = "<group>"; };
		F6EB00FB2B8C9FBB005139CC /* SettingsViewController.swift */ = {isa = PBXFileReference; lastKnownFileType = sourcecode.swift; path = SettingsViewController.swift; sourceTree = "<group>"; };
		F6EB00FE2B8C9FBB005139CC /* Base */ = {isa = PBXFileReference; lastKnownFileType = file.storyboard; name = Base; path = Base.lproj/Main.storyboard; sourceTree = "<group>"; };
		F6EB01032B8C9FBC005139CC /* Base */ = {isa = PBXFileReference; lastKnownFileType = file.storyboard; name = Base; path = Base.lproj/LaunchScreen.storyboard; sourceTree = "<group>"; };
		F6EB01052B8C9FBC005139CC /* Info.plist */ = {isa = PBXFileReference; lastKnownFileType = text.plist.xml; path = Info.plist; sourceTree = "<group>"; };
		F6EB010A2B8C9FBC005139CC /* LedLampTests.xctest */ = {isa = PBXFileReference; explicitFileType = wrapper.cfbundle; includeInIndex = 0; path = LedLampTests.xctest; sourceTree = BUILT_PRODUCTS_DIR; };
		F6EB010E2B8C9FBC005139CC /* LedLampTests.swift */ = {isa = PBXFileReference; lastKnownFileType = sourcecode.swift; path = LedLampTests.swift; sourceTree = "<group>"; };
		F6EB01142B8C9FBC005139CC /* LedLampUITests.xctest */ = {isa = PBXFileReference; explicitFileType = wrapper.cfbundle; includeInIndex = 0; path = LedLampUITests.xctest; sourceTree = BUILT_PRODUCTS_DIR; };
		F6EB01182B8C9FBC005139CC /* LedLampUITests.swift */ = {isa = PBXFileReference; lastKnownFileType = sourcecode.swift; path = LedLampUITests.swift; sourceTree = "<group>"; };
		F6EB011A2B8C9FBC005139CC /* LedLampUITestsLaunchTests.swift */ = {isa = PBXFileReference; lastKnownFileType = sourcecode.swift; path = LedLampUITestsLaunchTests.swift; sourceTree = "<group>"; };
		F6EB012F2B8CA156005139CC /* ChakraPetch-Regular.ttf */ = {isa = PBXFileReference; lastKnownFileType = file; path = "ChakraPetch-Regular.ttf"; sourceTree = "<group>"; };
		F6EB01302B8CA156005139CC /* ChakraPetch-Bold.ttf */ = {isa = PBXFileReference; lastKnownFileType = file; path = "ChakraPetch-Bold.ttf"; sourceTree = "<group>"; };
		F6EB01312B8CA156005139CC /* ChakraPetch-SemiBold.ttf */ = {isa = PBXFileReference; lastKnownFileType = file; path = "ChakraPetch-SemiBold.ttf"; sourceTree = "<group>"; };
		F6EB01322B8CA156005139CC /* ChakraPetch-Medium.ttf */ = {isa = PBXFileReference; lastKnownFileType = file; path = "ChakraPetch-Medium.ttf"; sourceTree = "<group>"; };
		F6EB01332B8CA156005139CC /* ChakraPetch-Light.ttf */ = {isa = PBXFileReference; lastKnownFileType = file; path = "ChakraPetch-Light.ttf"; sourceTree = "<group>"; };
		F6F827582B907DC800F1BB61 /* TextField.swift */ = {isa = PBXFileReference; lastKnownFileType = sourcecode.swift; path = TextField.swift; sourceTree = "<group>"; };
		F6F8275A2B907EF100F1BB61 /* DeviceNameLocationViewController.swift */ = {isa = PBXFileReference; lastKnownFileType = sourcecode.swift; path = DeviceNameLocationViewController.swift; sourceTree = "<group>"; };
		F6F8275E2B9080A200F1BB61 /* DeviceLocationCell.xib */ = {isa = PBXFileReference; lastKnownFileType = file.xib; path = DeviceLocationCell.xib; sourceTree = "<group>"; };
		F6F827602B90810A00F1BB61 /* DeviceLocationCell.swift */ = {isa = PBXFileReference; lastKnownFileType = sourcecode.swift; path = DeviceLocationCell.swift; sourceTree = "<group>"; };
		F6F827632B90820000F1BB61 /* LocationCollectionViewModel.swift */ = {isa = PBXFileReference; lastKnownFileType = sourcecode.swift; path = LocationCollectionViewModel.swift; sourceTree = "<group>"; };
		F6F827682B9089B900F1BB61 /* DeviceAddedViewController.swift */ = {isa = PBXFileReference; lastKnownFileType = sourcecode.swift; path = DeviceAddedViewController.swift; sourceTree = "<group>"; };
/* End PBXFileReference section */

/* Begin PBXFrameworksBuildPhase section */
		F6EB00F12B8C9FBB005139CC /* Frameworks */ = {
			isa = PBXFrameworksBuildPhase;
			buildActionMask = 2147483647;
			files = (
				11E0BA0D2B98EE7000656C31 /* AxisTabView in Frameworks */,
				F6EFECAA2B8E491300041B96 /* BottomSheet in Frameworks */,
				F6F827672B9086D300F1BB61 /* IQKeyboardManagerSwift in Frameworks */,
				115E476A2B9A3E7E009E8B85 /* FlexColorPicker in Frameworks */,
			);
			runOnlyForDeploymentPostprocessing = 0;
		};
		F6EB01072B8C9FBC005139CC /* Frameworks */ = {
			isa = PBXFrameworksBuildPhase;
			buildActionMask = 2147483647;
			files = (
			);
			runOnlyForDeploymentPostprocessing = 0;
		};
		F6EB01112B8C9FBC005139CC /* Frameworks */ = {
			isa = PBXFrameworksBuildPhase;
			buildActionMask = 2147483647;
			files = (
			);
			runOnlyForDeploymentPostprocessing = 0;
		};
/* End PBXFrameworksBuildPhase section */

/* Begin PBXGroup section */
		118EAD0A2B965CBD00F6A8BD /* Layouts */ = {
			isa = PBXGroup;
			children = (
				118EAD0B2B965CC900F6A8BD /* UPCarouselFlowLayout.swift */,
			);
			path = Layouts;
			sourceTree = "<group>";
		};
		11C6219C2B93647E006B15F7 /* CustomTabBar */ = {
			isa = PBXGroup;
			children = (
				11C621A22B936493006B15F7 /* BEKCurveTabbar.swift */,
				11C621A92B9364B9006B15F7 /* MyCustomTabBarViewModel.swift */,
				11C6219F2B936493006B15F7 /* BEKCurveTabbarController.swift */,
				11C621A02B936493006B15F7 /* BEKTabBarViewModelType.swift */,
				11C6219D2B936493006B15F7 /* DefaultTabBarViewModel.swift */,
				11C621A12B936493006B15F7 /* TabbarHeightRatios.swift */,
				11E0BA0E2B98F06500656C31 /* CustomTabBarView.swift */,
			);
			path = CustomTabBar;
			sourceTree = "<group>";
		};
		11C621AD2B938D0C006B15F7 /* Managers */ = {
			isa = PBXGroup;
			children = (
				11C621AE2B938D1A006B15F7 /* HomeKitManager.swift */,
				118EAD0D2B9663A800F6A8BD /* DatabaseManager.swift */,
			);
			path = Managers;
			sourceTree = "<group>";
		};
		F62DE9222B9A3B39002F8FDA /* CustomSwitch */ = {
			isa = PBXGroup;
			children = (
				F62DE9232B9A3B39002F8FDA /* ConfigurableSwitchControl.swift */,
				F62DE9242B9A3B39002F8FDA /* UIConstant.swift */,
				F62DE9252B9A3B39002F8FDA /* LayoutGuideProtocol.swift */,
				F62DE9262B9A3B39002F8FDA /* UtilityExtensions.swift */,
			);
			path = CustomSwitch;
			sourceTree = "<group>";
		};
		F62DE92D2B9A4465002F8FDA /* Onboarding */ = {
			isa = PBXGroup;
			children = (
				F62DE92E2B9A4474002F8FDA /* FirstPageViewController.swift */,
				F62DE9302B9A447D002F8FDA /* SecondPageViewController.swift */,
				F62DE9322B9A4488002F8FDA /* ThirdPageViewController.swift */,
				F62DE9342B9A4493002F8FDA /* FourthPageViewController.swift */,
				F6739B9D2B9A4CA400734226 /* SubscriptionViewController.swift */,
			);
			path = Onboarding;
			sourceTree = "<group>";
		};
		F6505C512B936DC200D47128 /* RoomsBottomSheets */ = {
			isa = PBXGroup;
			children = (
				F6505C522B936DDD00D47128 /* RoomBottomSheets.storyboard */,
			);
			path = RoomsBottomSheets;
			sourceTree = "<group>";
		};
		F6505C542B93729100D47128 /* Rooms */ = {
			isa = PBXGroup;
			children = (
				F6C91EED2B965455005FB008 /* CollectionImagesViewController.swift */,
				F6505C562B9372C100D47128 /* AddRoomViewController.swift */,
				F6B8B8452B938F68001FE671 /* ChoosenRoomViewController.swift */,
			);
			path = Rooms;
			sourceTree = "<group>";
		};
		F6505C552B93729800D47128 /* Light */ = {
			isa = PBXGroup;
			children = (
				F6E415A82B9076E600D8B418 /* LightingDeviceViewController.swift */,
				F6E415AA2B907A3600D8B418 /* ConnectionDeviceViewController.swift */,
				F6F8275A2B907EF100F1BB61 /* DeviceNameLocationViewController.swift */,
				F6F827682B9089B900F1BB61 /* DeviceAddedViewController.swift */,
				F6505C492B936A2800D47128 /* SelectAccessoryViewController.swift */,
				F6A0BC3B2B8E450C0084A0E8 /* ScanDeviceView.swift */,
			);
			path = Light;
			sourceTree = "<group>";
		};
		F6A0BC1B2B8CA9160084A0E8 /* Models */ = {
			isa = PBXGroup;
			children = (
				F6F827622B9081E600F1BB61 /* LocationCellModel */,
				F6A0BC1C2B8CA91E0084A0E8 /* SettingsModel */,
			);
			path = Models;
			sourceTree = "<group>";
		};
		F6A0BC1C2B8CA91E0084A0E8 /* SettingsModel */ = {
			isa = PBXGroup;
			children = (
				F6A0BC1D2B8CAB230084A0E8 /* SettingsModel.swift */,
			);
			path = SettingsModel;
			sourceTree = "<group>";
		};
		F6A0BC2B2B8CB00F0084A0E8 /* Extentions */ = {
			isa = PBXGroup;
			children = (
				F6A0BC2C2B8CB02B0084A0E8 /* String+localization.swift */,
				F6F827582B907DC800F1BB61 /* TextField.swift */,
				F6739B9F2B9A4F0000734226 /* Animation Button.swift */,
				112A0F402B9CBFDB00F5B5D0 /* UIColor+hex.swift */,
			);
			path = Extentions;
			sourceTree = "<group>";
		};
		F6A0BC322B8E3F290084A0E8 /* Views */ = {
			isa = PBXGroup;
			children = (
				F6C91EE82B961745005FB008 /* MusicPlayer */,
				F6505C552B93729800D47128 /* Light */,
				F6505C542B93729100D47128 /* Rooms */,
				11A1D3EA2B94F8E6003184AA /* ScannerView.swift */,
			);
			path = Views;
			sourceTree = "<group>";
		};
		F6A0BC332B8E3F300084A0E8 /* Views */ = {
			isa = PBXGroup;
			children = (
				F6C91EE32B96132D005FB008 /* MusicPlayer */,
				F6505C512B936DC200D47128 /* RoomsBottomSheets */,
				F6A0BC342B8E3F380084A0E8 /* ScanDeviceView */,
				F6505C4B2B936A3700D47128 /* SelectAccessoryViewController.storyboard */,
				F6C91EEB2B965424005FB008 /* CollectionImages.storyboard */,
			);
			path = Views;
			sourceTree = "<group>";
		};
		F6A0BC342B8E3F380084A0E8 /* ScanDeviceView */ = {
			isa = PBXGroup;
			children = (
				F6A0BC392B8E44FA0084A0E8 /* ScanDeviceView.storyboard */,
			);
			path = ScanDeviceView;
			sourceTree = "<group>";
		};
		F6C91EE32B96132D005FB008 /* MusicPlayer */ = {
			isa = PBXGroup;
			children = (
				F6C91EE42B96145C005FB008 /* PlaybackLightView.storyboard */,
			);
			path = MusicPlayer;
			sourceTree = "<group>";
		};
		F6C91EE82B961745005FB008 /* MusicPlayer */ = {
			isa = PBXGroup;
			children = (
				F6C91EE92B961755005FB008 /* PlaybackLightViewController.swift */,
			);
			path = MusicPlayer;
			sourceTree = "<group>";
		};
		F6C91EF72B9661E7005FB008 /* MusicPlayer */ = {
			isa = PBXGroup;
			children = (
				F6C91EE62B961476005FB008 /* MusicPlayerViewController.swift */,
				F6B68A722B96630500A86418 /* MusicIphoneViewController.swift */,
				F6078D962B97370800C9575A /* SyncWithMusicViewController.swift */,
			);
			path = MusicPlayer;
			sourceTree = "<group>";
		};
		F6EB00EB2B8C9FBB005139CC = {
			isa = PBXGroup;
			children = (
				F6EB00F62B8C9FBB005139CC /* LedLamp */,
				F6EB010D2B8C9FBC005139CC /* LedLampTests */,
				F6EB01172B8C9FBC005139CC /* LedLampUITests */,
				F6EB00F52B8C9FBB005139CC /* Products */,
			);
			sourceTree = "<group>";
		};
		F6EB00F52B8C9FBB005139CC /* Products */ = {
			isa = PBXGroup;
			children = (
				F6EB00F42B8C9FBB005139CC /* LedLamp.app */,
				F6EB010A2B8C9FBC005139CC /* LedLampTests.xctest */,
				F6EB01142B8C9FBC005139CC /* LedLampUITests.xctest */,
			);
			name = Products;
			sourceTree = "<group>";
		};
		F6EB00F62B8C9FBB005139CC /* LedLamp */ = {
			isa = PBXGroup;
			children = (
				F62DE9222B9A3B39002F8FDA /* CustomSwitch */,
				11F63F9F2B9A62B000523E22 /* LedLampRelease.entitlements */,
				11C621AD2B938D0C006B15F7 /* Managers */,
				11C6219C2B93647E006B15F7 /* CustomTabBar */,
				F6A0BC2B2B8CB00F0084A0E8 /* Extentions */,
				F6EB01282B8C9FD3005139CC /* Classes */,
				F6EB01272B8C9FC7005139CC /* Resouces */,
				F6A0BC232B8CAEC30084A0E8 /* Localizable.strings */,
				F6EB01022B8C9FBC005139CC /* LaunchScreen.storyboard */,
				F6A0BC302B8CBA9F0084A0E8 /* Assets.xcassets */,
				F6EB00F72B8C9FBB005139CC /* AppDelegate.swift */,
				F6EB00F92B8C9FBB005139CC /* SceneDelegate.swift */,
				11A9CFE82B9B775100F4B392 /* LedLamp.entitlements */,
				F6EB01052B8C9FBC005139CC /* Info.plist */,
			);
			path = LedLamp;
			sourceTree = "<group>";
		};
		F6EB010D2B8C9FBC005139CC /* LedLampTests */ = {
			isa = PBXGroup;
			children = (
				F6EB010E2B8C9FBC005139CC /* LedLampTests.swift */,
			);
			path = LedLampTests;
			sourceTree = "<group>";
		};
		F6EB01172B8C9FBC005139CC /* LedLampUITests */ = {
			isa = PBXGroup;
			children = (
				F6EB01182B8C9FBC005139CC /* LedLampUITests.swift */,
				F6EB011A2B8C9FBC005139CC /* LedLampUITestsLaunchTests.swift */,
			);
			path = LedLampUITests;
			sourceTree = "<group>";
		};
		F6EB01272B8C9FC7005139CC /* Resouces */ = {
			isa = PBXGroup;
			children = (
				118EAD0F2B96641600F6A8BD /* LEDapp.xcdatamodeld */,
				F6EB012D2B8CA041005139CC /* Cells */,
				F6A0BC332B8E3F300084A0E8 /* Views */,
				F6EB01292B8C9FFF005139CC /* Storyboards */,
				F6EB012B2B8CA023005139CC /* Fonts */,
			);
			path = Resouces;
			sourceTree = "<group>";
		};
		F6EB01282B8C9FD3005139CC /* Classes */ = {
			isa = PBXGroup;
			children = (
				118EAD0A2B965CBD00F6A8BD /* Layouts */,
				F6A0BC1B2B8CA9160084A0E8 /* Models */,
				F6A0BC322B8E3F290084A0E8 /* Views */,
				F6EB012E2B8CA048005139CC /* Cells */,
				F6EB012A2B8CA012005139CC /* ViewControllers */,
				11A1D3EC2B94F911003184AA /* QRCodePreviewLayer.swift */,
			);
			path = Classes;
			sourceTree = "<group>";
		};
		F6EB01292B8C9FFF005139CC /* Storyboards */ = {
			isa = PBXGroup;
			children = (
				F6EB00FD2B8C9FBB005139CC /* Main.storyboard */,
				F6A0BC152B8CA4DD0084A0E8 /* Settings.storyboard */,
				F6B176E02B91EED400932231 /* ColorPicker.storyboard */,
				11C621AB2B936715006B15F7 /* CustomTabBar.storyboard */,
				F6B8B8472B94C1E4001FE671 /* Rooms.storyboard */,
				F6C91EE12B961327005FB008 /* MusicPlayer.storyboard */,
				F62DE92B2B9A3D26002F8FDA /* Onboarding.storyboard */,
			);
			path = Storyboards;
			sourceTree = "<group>";
		};
		F6EB012A2B8CA012005139CC /* ViewControllers */ = {
			isa = PBXGroup;
			children = (
				F62DE92D2B9A4465002F8FDA /* Onboarding */,
				F6C91EF72B9661E7005FB008 /* MusicPlayer */,
				F6EB00FB2B8C9FBB005139CC /* SettingsViewController.swift */,
				F6A0BC2E2B8CB9900084A0E8 /* MainViewController.swift */,
				F68EAA3B2B91F3E7002B4DF0 /* ColorPickerViewController.swift */,
				F6B8B8492B94C210001FE671 /* RoomsViewController.swift */,
				F6C91EDF2B94D7C3005FB008 /* AddLightViewController.swift */,
			);
			path = ViewControllers;
			sourceTree = "<group>";
		};
		F6EB012B2B8CA023005139CC /* Fonts */ = {
			isa = PBXGroup;
			children = (
				F6EB01302B8CA156005139CC /* ChakraPetch-Bold.ttf */,
				F6EB01332B8CA156005139CC /* ChakraPetch-Light.ttf */,
				F6EB01322B8CA156005139CC /* ChakraPetch-Medium.ttf */,
				F6EB012F2B8CA156005139CC /* ChakraPetch-Regular.ttf */,
				F6EB01312B8CA156005139CC /* ChakraPetch-SemiBold.ttf */,
			);
			path = Fonts;
			sourceTree = "<group>";
		};
		F6EB012D2B8CA041005139CC /* Cells */ = {
			isa = PBXGroup;
			children = (
				F6F8275D2B90809300F1BB61 /* CollectionViewCells */,
				F6A0BC172B8CA5CA0084A0E8 /* SettingsCell.xib */,
				F6B176DB2B91EA4300932231 /* MainScreenCell.xib */,
				F6505C4D2B936C3000D47128 /* SelectAccessoryCell.xib */,
			);
			path = Cells;
			sourceTree = "<group>";
		};
		F6EB012E2B8CA048005139CC /* Cells */ = {
			isa = PBXGroup;
			children = (
				F6F8275C2B90808900F1BB61 /* CollectionViewCells */,
				F6A0BC192B8CA5DC0084A0E8 /* SettingsCell.swift */,
				F6B176DE2B91EA5400932231 /* MainScreenCell.swift */,
				F6505C4F2B936C4B00D47128 /* SelectAccessoryCell.swift */,
			);
			path = Cells;
			sourceTree = "<group>";
		};
		F6F8275C2B90808900F1BB61 /* CollectionViewCells */ = {
			isa = PBXGroup;
			children = (
				F6F827602B90810A00F1BB61 /* DeviceLocationCell.swift */,
				F6B8B84D2B94C711001FE671 /* AddedRoomCell.swift */,
				F6C91EF12B965585005FB008 /* CollectionImageCell.swift */,
			);
			path = CollectionViewCells;
			sourceTree = "<group>";
		};
		F6F8275D2B90809300F1BB61 /* CollectionViewCells */ = {
			isa = PBXGroup;
			children = (
				F6F8275E2B9080A200F1BB61 /* DeviceLocationCell.xib */,
				F6B8B84B2B94C6E3001FE671 /* AddedRoomCell.xib */,
				F6C91EEF2B965564005FB008 /* CollectionImageCell.xib */,
			);
			path = CollectionViewCells;
			sourceTree = "<group>";
		};
		F6F827622B9081E600F1BB61 /* LocationCellModel */ = {
			isa = PBXGroup;
			children = (
				F6F827632B90820000F1BB61 /* LocationCollectionViewModel.swift */,
			);
			path = LocationCellModel;
			sourceTree = "<group>";
		};
/* End PBXGroup section */

/* Begin PBXNativeTarget section */
		F6EB00F32B8C9FBB005139CC /* LedLamp */ = {
			isa = PBXNativeTarget;
			buildConfigurationList = F6EB011E2B8C9FBC005139CC /* Build configuration list for PBXNativeTarget "LedLamp" */;
			buildPhases = (
				F6EB00F02B8C9FBB005139CC /* Sources */,
				F6EB00F12B8C9FBB005139CC /* Frameworks */,
				F6EB00F22B8C9FBB005139CC /* Resources */,
			);
			buildRules = (
			);
			dependencies = (
			);
			name = LedLamp;
			packageProductDependencies = (
				F6EFECA92B8E491300041B96 /* BottomSheet */,
				F6F827662B9086D300F1BB61 /* IQKeyboardManagerSwift */,
				11E0BA0C2B98EE7000656C31 /* AxisTabView */,
				115E47692B9A3E7E009E8B85 /* FlexColorPicker */,
			);
			productName = LedLamp;
			productReference = F6EB00F42B8C9FBB005139CC /* LedLamp.app */;
			productType = "com.apple.product-type.application";
		};
		F6EB01092B8C9FBC005139CC /* LedLampTests */ = {
			isa = PBXNativeTarget;
			buildConfigurationList = F6EB01212B8C9FBC005139CC /* Build configuration list for PBXNativeTarget "LedLampTests" */;
			buildPhases = (
				F6EB01062B8C9FBC005139CC /* Sources */,
				F6EB01072B8C9FBC005139CC /* Frameworks */,
				F6EB01082B8C9FBC005139CC /* Resources */,
			);
			buildRules = (
			);
			dependencies = (
				F6EB010C2B8C9FBC005139CC /* PBXTargetDependency */,
			);
			name = LedLampTests;
			productName = LedLampTests;
			productReference = F6EB010A2B8C9FBC005139CC /* LedLampTests.xctest */;
			productType = "com.apple.product-type.bundle.unit-test";
		};
		F6EB01132B8C9FBC005139CC /* LedLampUITests */ = {
			isa = PBXNativeTarget;
			buildConfigurationList = F6EB01242B8C9FBC005139CC /* Build configuration list for PBXNativeTarget "LedLampUITests" */;
			buildPhases = (
				F6EB01102B8C9FBC005139CC /* Sources */,
				F6EB01112B8C9FBC005139CC /* Frameworks */,
				F6EB01122B8C9FBC005139CC /* Resources */,
			);
			buildRules = (
			);
			dependencies = (
				F6EB01162B8C9FBC005139CC /* PBXTargetDependency */,
			);
			name = LedLampUITests;
			productName = LedLampUITests;
			productReference = F6EB01142B8C9FBC005139CC /* LedLampUITests.xctest */;
			productType = "com.apple.product-type.bundle.ui-testing";
		};
/* End PBXNativeTarget section */

/* Begin PBXProject section */
		F6EB00EC2B8C9FBB005139CC /* Project object */ = {
			isa = PBXProject;
			attributes = {
				BuildIndependentTargetsInParallel = 1;
				LastSwiftUpdateCheck = 1520;
				LastUpgradeCheck = 1520;
				TargetAttributes = {
					F6EB00F32B8C9FBB005139CC = {
						CreatedOnToolsVersion = 15.2;
					};
					F6EB01092B8C9FBC005139CC = {
						CreatedOnToolsVersion = 15.2;
						TestTargetID = F6EB00F32B8C9FBB005139CC;
					};
					F6EB01132B8C9FBC005139CC = {
						CreatedOnToolsVersion = 15.2;
						TestTargetID = F6EB00F32B8C9FBB005139CC;
					};
				};
			};
			buildConfigurationList = F6EB00EF2B8C9FBB005139CC /* Build configuration list for PBXProject "LedLamp" */;
			compatibilityVersion = "Xcode 14.0";
			developmentRegion = en;
			hasScannedForEncodings = 0;
			knownRegions = (
				en,
				Base,
				"zh-Hant",
				fr,
				de,
				it,
				"pt-PT",
				ru,
				es,
			);
			mainGroup = F6EB00EB2B8C9FBB005139CC;
			packageReferences = (
				F6EFECA82B8E491300041B96 /* XCRemoteSwiftPackageReference "BottomSheet" */,
				F6F827652B9086D300F1BB61 /* XCRemoteSwiftPackageReference "IQKeyboardManager" */,
				11E0BA0B2B98EE7000656C31 /* XCRemoteSwiftPackageReference "AxisTabView" */,
				115E47682B9A3E7E009E8B85 /* XCRemoteSwiftPackageReference "FlexColorPicker" */,
			);
			productRefGroup = F6EB00F52B8C9FBB005139CC /* Products */;
			projectDirPath = "";
			projectRoot = "";
			targets = (
				F6EB00F32B8C9FBB005139CC /* LedLamp */,
				F6EB01092B8C9FBC005139CC /* LedLampTests */,
				F6EB01132B8C9FBC005139CC /* LedLampUITests */,
			);
		};
/* End PBXProject section */

/* Begin PBXResourcesBuildPhase section */
		F6EB00F22B8C9FBB005139CC /* Resources */ = {
			isa = PBXResourcesBuildPhase;
			buildActionMask = 2147483647;
			files = (
				F6EB01342B8CA156005139CC /* ChakraPetch-Regular.ttf in Resources */,
				F6B8B84C2B94C6E3001FE671 /* AddedRoomCell.xib in Resources */,
				F6EB01372B8CA156005139CC /* ChakraPetch-Medium.ttf in Resources */,
				F62DE92C2B9A3D26002F8FDA /* Onboarding.storyboard in Resources */,
				F6C91EF02B965564005FB008 /* CollectionImageCell.xib in Resources */,
				F6A0BC312B8CBA9F0084A0E8 /* Assets.xcassets in Resources */,
				F6A0BC3A2B8E44FA0084A0E8 /* ScanDeviceView.storyboard in Resources */,
				F6A0BC212B8CAEC30084A0E8 /* Localizable.strings in Resources */,
				11C621AC2B936715006B15F7 /* CustomTabBar.storyboard in Resources */,
				F6EB01352B8CA156005139CC /* ChakraPetch-Bold.ttf in Resources */,
				F6B8B8482B94C1E4001FE671 /* Rooms.storyboard in Resources */,
				F6EB01042B8C9FBC005139CC /* LaunchScreen.storyboard in Resources */,
				F6A0BC182B8CA5CA0084A0E8 /* SettingsCell.xib in Resources */,
				F6505C532B936DDD00D47128 /* RoomBottomSheets.storyboard in Resources */,
				F6B176DC2B91EA4300932231 /* MainScreenCell.xib in Resources */,
				F6EB01382B8CA156005139CC /* ChakraPetch-Light.ttf in Resources */,
				F6505C4C2B936A3700D47128 /* SelectAccessoryViewController.storyboard in Resources */,
				F6C91EE22B961327005FB008 /* MusicPlayer.storyboard in Resources */,
				F6EB01362B8CA156005139CC /* ChakraPetch-SemiBold.ttf in Resources */,
				F6F8275F2B9080A200F1BB61 /* DeviceLocationCell.xib in Resources */,
				F6505C4E2B936C3000D47128 /* SelectAccessoryCell.xib in Resources */,
				F6C91EE52B96145C005FB008 /* PlaybackLightView.storyboard in Resources */,
				F6C91EEC2B965424005FB008 /* CollectionImages.storyboard in Resources */,
				F6EB00FF2B8C9FBB005139CC /* Main.storyboard in Resources */,
				F6B176E12B91EED400932231 /* ColorPicker.storyboard in Resources */,
				F6A0BC162B8CA4DD0084A0E8 /* Settings.storyboard in Resources */,
			);
			runOnlyForDeploymentPostprocessing = 0;
		};
		F6EB01082B8C9FBC005139CC /* Resources */ = {
			isa = PBXResourcesBuildPhase;
			buildActionMask = 2147483647;
			files = (
			);
			runOnlyForDeploymentPostprocessing = 0;
		};
		F6EB01122B8C9FBC005139CC /* Resources */ = {
			isa = PBXResourcesBuildPhase;
			buildActionMask = 2147483647;
			files = (
			);
			runOnlyForDeploymentPostprocessing = 0;
		};
/* End PBXResourcesBuildPhase section */

/* Begin PBXSourcesBuildPhase section */
		F6EB00F02B8C9FBB005139CC /* Sources */ = {
			isa = PBXSourcesBuildPhase;
			buildActionMask = 2147483647;
			files = (
				11C621AA2B9364B9006B15F7 /* MyCustomTabBarViewModel.swift in Sources */,
				F6A0BC2F2B8CB9900084A0E8 /* MainViewController.swift in Sources */,
				F6F827592B907DC800F1BB61 /* TextField.swift in Sources */,
				F6B8B84A2B94C210001FE671 /* RoomsViewController.swift in Sources */,
				F6E415A92B9076E600D8B418 /* LightingDeviceViewController.swift in Sources */,
				F6505C572B9372C100D47128 /* AddRoomViewController.swift in Sources */,
				F62DE92A2B9A3B39002F8FDA /* UtilityExtensions.swift in Sources */,
				F6505C4A2B936A2800D47128 /* SelectAccessoryViewController.swift in Sources */,
				F6EB00FC2B8C9FBB005139CC /* SettingsViewController.swift in Sources */,
				F62DE9332B9A4488002F8FDA /* ThirdPageViewController.swift in Sources */,
				F6739B9E2B9A4CA400734226 /* SubscriptionViewController.swift in Sources */,
				F6B176DF2B91EA5400932231 /* MainScreenCell.swift in Sources */,
				F6C91EE02B94D7C3005FB008 /* AddLightViewController.swift in Sources */,
				118EAD0E2B9663A800F6A8BD /* DatabaseManager.swift in Sources */,
				F62DE92F2B9A4474002F8FDA /* FirstPageViewController.swift in Sources */,
				F6A0BC2D2B8CB02B0084A0E8 /* String+localization.swift in Sources */,
				11A1D3ED2B94F911003184AA /* QRCodePreviewLayer.swift in Sources */,
				F6F827612B90810A00F1BB61 /* DeviceLocationCell.swift in Sources */,
				11C621A62B936493006B15F7 /* BEKTabBarViewModelType.swift in Sources */,
				11C621AF2B938D1A006B15F7 /* HomeKitManager.swift in Sources */,
				F6A0BC1E2B8CAB230084A0E8 /* SettingsModel.swift in Sources */,
				11C621A52B936493006B15F7 /* BEKCurveTabbarController.swift in Sources */,
				F6C91EE72B961476005FB008 /* MusicPlayerViewController.swift in Sources */,
				11C621A32B936493006B15F7 /* DefaultTabBarViewModel.swift in Sources */,
				11A1D3EB2B94F8E6003184AA /* ScannerView.swift in Sources */,
				F6C91EEA2B961755005FB008 /* PlaybackLightViewController.swift in Sources */,
				F62DE9272B9A3B39002F8FDA /* ConfigurableSwitchControl.swift in Sources */,
				F62DE9282B9A3B39002F8FDA /* UIConstant.swift in Sources */,
				F6F8275B2B907EF100F1BB61 /* DeviceNameLocationViewController.swift in Sources */,
				F62DE9352B9A4493002F8FDA /* FourthPageViewController.swift in Sources */,
				118EAD0C2B965CC900F6A8BD /* UPCarouselFlowLayout.swift in Sources */,
				11C621A82B936493006B15F7 /* BEKCurveTabbar.swift in Sources */,
				F68EAA3C2B91F3E7002B4DF0 /* ColorPickerViewController.swift in Sources */,
				F6C91EEE2B965455005FB008 /* CollectionImagesViewController.swift in Sources */,
				11E0BA0F2B98F06500656C31 /* CustomTabBarView.swift in Sources */,
				F6739BA02B9A4F0000734226 /* Animation Button.swift in Sources */,
				F62DE9312B9A447D002F8FDA /* SecondPageViewController.swift in Sources */,
				F6EB00F82B8C9FBB005139CC /* AppDelegate.swift in Sources */,
				F6B8B84E2B94C711001FE671 /* AddedRoomCell.swift in Sources */,
				F62DE9292B9A3B39002F8FDA /* LayoutGuideProtocol.swift in Sources */,
				F6F827642B90820000F1BB61 /* LocationCollectionViewModel.swift in Sources */,
				F6A0BC1A2B8CA5DC0084A0E8 /* SettingsCell.swift in Sources */,
				F6B8B8462B938F68001FE671 /* ChoosenRoomViewController.swift in Sources */,
				F6F827692B9089B900F1BB61 /* DeviceAddedViewController.swift in Sources */,
				F6B68A732B96630500A86418 /* MusicIphoneViewController.swift in Sources */,
				118EAD112B96641700F6A8BD /* LEDapp.xcdatamodeld in Sources */,
				F6A0BC3C2B8E450C0084A0E8 /* ScanDeviceView.swift in Sources */,
				F6E415AB2B907A3600D8B418 /* ConnectionDeviceViewController.swift in Sources */,
				F6C91EF22B965585005FB008 /* CollectionImageCell.swift in Sources */,
				F6EB00FA2B8C9FBB005139CC /* SceneDelegate.swift in Sources */,
				F6078D972B97370800C9575A /* SyncWithMusicViewController.swift in Sources */,
				112A0F412B9CBFDB00F5B5D0 /* UIColor+hex.swift in Sources */,
				11C621A72B936493006B15F7 /* TabbarHeightRatios.swift in Sources */,
				F6505C502B936C4B00D47128 /* SelectAccessoryCell.swift in Sources */,
			);
			runOnlyForDeploymentPostprocessing = 0;
		};
		F6EB01062B8C9FBC005139CC /* Sources */ = {
			isa = PBXSourcesBuildPhase;
			buildActionMask = 2147483647;
			files = (
				F6EB010F2B8C9FBC005139CC /* LedLampTests.swift in Sources */,
			);
			runOnlyForDeploymentPostprocessing = 0;
		};
		F6EB01102B8C9FBC005139CC /* Sources */ = {
			isa = PBXSourcesBuildPhase;
			buildActionMask = 2147483647;
			files = (
				F6EB011B2B8C9FBC005139CC /* LedLampUITestsLaunchTests.swift in Sources */,
				F6EB01192B8C9FBC005139CC /* LedLampUITests.swift in Sources */,
			);
			runOnlyForDeploymentPostprocessing = 0;
		};
/* End PBXSourcesBuildPhase section */

/* Begin PBXTargetDependency section */
		F6EB010C2B8C9FBC005139CC /* PBXTargetDependency */ = {
			isa = PBXTargetDependency;
			target = F6EB00F32B8C9FBB005139CC /* LedLamp */;
			targetProxy = F6EB010B2B8C9FBC005139CC /* PBXContainerItemProxy */;
		};
		F6EB01162B8C9FBC005139CC /* PBXTargetDependency */ = {
			isa = PBXTargetDependency;
			target = F6EB00F32B8C9FBB005139CC /* LedLamp */;
			targetProxy = F6EB01152B8C9FBC005139CC /* PBXContainerItemProxy */;
		};
/* End PBXTargetDependency section */

/* Begin PBXVariantGroup section */
		F6A0BC232B8CAEC30084A0E8 /* Localizable.strings */ = {
			isa = PBXVariantGroup;
			children = (
				F6A0BC222B8CAEC30084A0E8 /* en */,
				F6A0BC242B8CAECE0084A0E8 /* zh-Hant */,
				F6A0BC252B8CAED70084A0E8 /* fr */,
				F6A0BC262B8CAEE00084A0E8 /* de */,
				F6A0BC272B8CAEE80084A0E8 /* it */,
				F6A0BC282B8CAEF40084A0E8 /* pt-PT */,
				F6A0BC292B8CAEFC0084A0E8 /* ru */,
				F6A0BC2A2B8CAF020084A0E8 /* es */,
			);
			name = Localizable.strings;
			sourceTree = "<group>";
		};
		F6EB00FD2B8C9FBB005139CC /* Main.storyboard */ = {
			isa = PBXVariantGroup;
			children = (
				F6EB00FE2B8C9FBB005139CC /* Base */,
			);
			name = Main.storyboard;
			sourceTree = "<group>";
		};
		F6EB01022B8C9FBC005139CC /* LaunchScreen.storyboard */ = {
			isa = PBXVariantGroup;
			children = (
				F6EB01032B8C9FBC005139CC /* Base */,
			);
			name = LaunchScreen.storyboard;
			sourceTree = "<group>";
		};
/* End PBXVariantGroup section */

/* Begin XCBuildConfiguration section */
		F6EB011C2B8C9FBC005139CC /* Debug */ = {
			isa = XCBuildConfiguration;
			buildSettings = {
				ALWAYS_SEARCH_USER_PATHS = NO;
				ASSETCATALOG_COMPILER_GENERATE_SWIFT_ASSET_SYMBOL_EXTENSIONS = YES;
				CLANG_ANALYZER_LOCALIZABILITY_NONLOCALIZED = YES;
				CLANG_ANALYZER_NONNULL = YES;
				CLANG_ANALYZER_NUMBER_OBJECT_CONVERSION = YES_AGGRESSIVE;
				CLANG_CXX_LANGUAGE_STANDARD = "gnu++20";
				CLANG_ENABLE_MODULES = YES;
				CLANG_ENABLE_OBJC_ARC = YES;
				CLANG_ENABLE_OBJC_WEAK = YES;
				CLANG_WARN_BLOCK_CAPTURE_AUTORELEASING = YES;
				CLANG_WARN_BOOL_CONVERSION = YES;
				CLANG_WARN_COMMA = YES;
				CLANG_WARN_CONSTANT_CONVERSION = YES;
				CLANG_WARN_DEPRECATED_OBJC_IMPLEMENTATIONS = YES;
				CLANG_WARN_DIRECT_OBJC_ISA_USAGE = YES_ERROR;
				CLANG_WARN_DOCUMENTATION_COMMENTS = YES;
				CLANG_WARN_EMPTY_BODY = YES;
				CLANG_WARN_ENUM_CONVERSION = YES;
				CLANG_WARN_INFINITE_RECURSION = YES;
				CLANG_WARN_INT_CONVERSION = YES;
				CLANG_WARN_NON_LITERAL_NULL_CONVERSION = YES;
				CLANG_WARN_OBJC_IMPLICIT_RETAIN_SELF = YES;
				CLANG_WARN_OBJC_LITERAL_CONVERSION = YES;
				CLANG_WARN_OBJC_ROOT_CLASS = YES_ERROR;
				CLANG_WARN_QUOTED_INCLUDE_IN_FRAMEWORK_HEADER = YES;
				CLANG_WARN_RANGE_LOOP_ANALYSIS = YES;
				CLANG_WARN_STRICT_PROTOTYPES = YES;
				CLANG_WARN_SUSPICIOUS_MOVE = YES;
				CLANG_WARN_UNGUARDED_AVAILABILITY = YES_AGGRESSIVE;
				CLANG_WARN_UNREACHABLE_CODE = YES;
				CLANG_WARN__DUPLICATE_METHOD_MATCH = YES;
				COPY_PHASE_STRIP = NO;
				DEBUG_INFORMATION_FORMAT = dwarf;
				ENABLE_STRICT_OBJC_MSGSEND = YES;
				ENABLE_TESTABILITY = YES;
				ENABLE_USER_SCRIPT_SANDBOXING = YES;
				GCC_C_LANGUAGE_STANDARD = gnu17;
				GCC_DYNAMIC_NO_PIC = NO;
				GCC_NO_COMMON_BLOCKS = YES;
				GCC_OPTIMIZATION_LEVEL = 0;
				GCC_PREPROCESSOR_DEFINITIONS = (
					"DEBUG=1",
					"$(inherited)",
				);
				GCC_WARN_64_TO_32_BIT_CONVERSION = YES;
				GCC_WARN_ABOUT_RETURN_TYPE = YES_ERROR;
				GCC_WARN_UNDECLARED_SELECTOR = YES;
				GCC_WARN_UNINITIALIZED_AUTOS = YES_AGGRESSIVE;
				GCC_WARN_UNUSED_FUNCTION = YES;
				GCC_WARN_UNUSED_VARIABLE = YES;
				IPHONEOS_DEPLOYMENT_TARGET = 16.0;
				LOCALIZATION_PREFERS_STRING_CATALOGS = YES;
				MTL_ENABLE_DEBUG_INFO = INCLUDE_SOURCE;
				MTL_FAST_MATH = YES;
				ONLY_ACTIVE_ARCH = YES;
				SDKROOT = iphoneos;
				SWIFT_ACTIVE_COMPILATION_CONDITIONS = "DEBUG $(inherited)";
				SWIFT_OPTIMIZATION_LEVEL = "-Onone";
			};
			name = Debug;
		};
		F6EB011D2B8C9FBC005139CC /* Release */ = {
			isa = XCBuildConfiguration;
			buildSettings = {
				ALWAYS_SEARCH_USER_PATHS = NO;
				ASSETCATALOG_COMPILER_GENERATE_SWIFT_ASSET_SYMBOL_EXTENSIONS = YES;
				CLANG_ANALYZER_LOCALIZABILITY_NONLOCALIZED = YES;
				CLANG_ANALYZER_NONNULL = YES;
				CLANG_ANALYZER_NUMBER_OBJECT_CONVERSION = YES_AGGRESSIVE;
				CLANG_CXX_LANGUAGE_STANDARD = "gnu++20";
				CLANG_ENABLE_MODULES = YES;
				CLANG_ENABLE_OBJC_ARC = YES;
				CLANG_ENABLE_OBJC_WEAK = YES;
				CLANG_WARN_BLOCK_CAPTURE_AUTORELEASING = YES;
				CLANG_WARN_BOOL_CONVERSION = YES;
				CLANG_WARN_COMMA = YES;
				CLANG_WARN_CONSTANT_CONVERSION = YES;
				CLANG_WARN_DEPRECATED_OBJC_IMPLEMENTATIONS = YES;
				CLANG_WARN_DIRECT_OBJC_ISA_USAGE = YES_ERROR;
				CLANG_WARN_DOCUMENTATION_COMMENTS = YES;
				CLANG_WARN_EMPTY_BODY = YES;
				CLANG_WARN_ENUM_CONVERSION = YES;
				CLANG_WARN_INFINITE_RECURSION = YES;
				CLANG_WARN_INT_CONVERSION = YES;
				CLANG_WARN_NON_LITERAL_NULL_CONVERSION = YES;
				CLANG_WARN_OBJC_IMPLICIT_RETAIN_SELF = YES;
				CLANG_WARN_OBJC_LITERAL_CONVERSION = YES;
				CLANG_WARN_OBJC_ROOT_CLASS = YES_ERROR;
				CLANG_WARN_QUOTED_INCLUDE_IN_FRAMEWORK_HEADER = YES;
				CLANG_WARN_RANGE_LOOP_ANALYSIS = YES;
				CLANG_WARN_STRICT_PROTOTYPES = YES;
				CLANG_WARN_SUSPICIOUS_MOVE = YES;
				CLANG_WARN_UNGUARDED_AVAILABILITY = YES_AGGRESSIVE;
				CLANG_WARN_UNREACHABLE_CODE = YES;
				CLANG_WARN__DUPLICATE_METHOD_MATCH = YES;
				COPY_PHASE_STRIP = NO;
				DEBUG_INFORMATION_FORMAT = "dwarf-with-dsym";
				ENABLE_NS_ASSERTIONS = NO;
				ENABLE_STRICT_OBJC_MSGSEND = YES;
				ENABLE_USER_SCRIPT_SANDBOXING = YES;
				GCC_C_LANGUAGE_STANDARD = gnu17;
				GCC_NO_COMMON_BLOCKS = YES;
				GCC_WARN_64_TO_32_BIT_CONVERSION = YES;
				GCC_WARN_ABOUT_RETURN_TYPE = YES_ERROR;
				GCC_WARN_UNDECLARED_SELECTOR = YES;
				GCC_WARN_UNINITIALIZED_AUTOS = YES_AGGRESSIVE;
				GCC_WARN_UNUSED_FUNCTION = YES;
				GCC_WARN_UNUSED_VARIABLE = YES;
				IPHONEOS_DEPLOYMENT_TARGET = 16.0;
				LOCALIZATION_PREFERS_STRING_CATALOGS = YES;
				MTL_ENABLE_DEBUG_INFO = NO;
				MTL_FAST_MATH = YES;
				SDKROOT = iphoneos;
				SWIFT_COMPILATION_MODE = wholemodule;
				VALIDATE_PRODUCT = YES;
			};
			name = Release;
		};
		F6EB011F2B8C9FBC005139CC /* Debug */ = {
			isa = XCBuildConfiguration;
			buildSettings = {
				ASSETCATALOG_COMPILER_APPICON_NAME = AppIcon;
				ASSETCATALOG_COMPILER_GLOBAL_ACCENT_COLOR_NAME = AccentColor;
				CODE_SIGN_ALLOW_ENTITLEMENTS_MODIFICATION = YES;
				CODE_SIGN_ENTITLEMENTS = LedLamp/LedLamp.entitlements;
				CODE_SIGN_STYLE = Automatic;
				CURRENT_PROJECT_VERSION = 1;
				DEVELOPMENT_TEAM = 6NNWR2JHQ8;
				GENERATE_INFOPLIST_FILE = YES;
				INFOPLIST_FILE = LedLamp/Info.plist;
				INFOPLIST_KEY_CFBundleDisplayName = Ledtttttt;
				INFOPLIST_KEY_NSCameraUsageDescription = "Qr code scanner";
				INFOPLIST_KEY_NSHomeKitUsageDescription = "We need it for add devices, room to your Home";
				INFOPLIST_KEY_UIApplicationSupportsIndirectInputEvents = YES;
				INFOPLIST_KEY_UILaunchStoryboardName = LaunchScreen;
				INFOPLIST_KEY_UIMainStoryboardFile = Main;
				INFOPLIST_KEY_UISupportedInterfaceOrientations_iPad = "UIInterfaceOrientationPortrait UIInterfaceOrientationPortraitUpsideDown UIInterfaceOrientationLandscapeLeft UIInterfaceOrientationLandscapeRight";
				INFOPLIST_KEY_UISupportedInterfaceOrientations_iPhone = "UIInterfaceOrientationPortrait UIInterfaceOrientationLandscapeLeft UIInterfaceOrientationLandscapeRight";
				IPHONEOS_DEPLOYMENT_TARGET = 16.0;
				LD_RUNPATH_SEARCH_PATHS = (
					"$(inherited)",
					"@executable_path/Frameworks",
				);
				MARKETING_VERSION = 1.0;
				PRODUCT_BUNDLE_IDENTIFIER = com.applage.w.Led2;
				PRODUCT_NAME = "$(TARGET_NAME)";
				SUPPORTED_PLATFORMS = "iphoneos iphonesimulator";
				SUPPORTS_MACCATALYST = NO;
				SUPPORTS_MAC_DESIGNED_FOR_IPHONE_IPAD = NO;
				SUPPORTS_XR_DESIGNED_FOR_IPHONE_IPAD = NO;
				SWIFT_EMIT_LOC_STRINGS = YES;
				SWIFT_VERSION = 5.0;
				TARGETED_DEVICE_FAMILY = 1;
			};
			name = Debug;
		};
		F6EB01202B8C9FBC005139CC /* Release */ = {
			isa = XCBuildConfiguration;
			buildSettings = {
				ASSETCATALOG_COMPILER_APPICON_NAME = AppIcon;
				ASSETCATALOG_COMPILER_GLOBAL_ACCENT_COLOR_NAME = AccentColor;
				CODE_SIGN_ALLOW_ENTITLEMENTS_MODIFICATION = YES;
				CODE_SIGN_ENTITLEMENTS = LedLamp/LedLampRelease.entitlements;
				CODE_SIGN_STYLE = Automatic;
				CURRENT_PROJECT_VERSION = 1;
				DEVELOPMENT_TEAM = 6NNWR2JHQ8;
				GENERATE_INFOPLIST_FILE = YES;
				INFOPLIST_FILE = LedLamp/Info.plist;
				INFOPLIST_KEY_CFBundleDisplayName = Ledtttttt;
				INFOPLIST_KEY_NSCameraUsageDescription = "Qr code scanner";
				INFOPLIST_KEY_NSHomeKitUsageDescription = "We need it for add devices, room to your Home";
				INFOPLIST_KEY_UIApplicationSupportsIndirectInputEvents = YES;
				INFOPLIST_KEY_UILaunchStoryboardName = LaunchScreen;
				INFOPLIST_KEY_UIMainStoryboardFile = Main;
				INFOPLIST_KEY_UISupportedInterfaceOrientations_iPad = "UIInterfaceOrientationPortrait UIInterfaceOrientationPortraitUpsideDown UIInterfaceOrientationLandscapeLeft UIInterfaceOrientationLandscapeRight";
				INFOPLIST_KEY_UISupportedInterfaceOrientations_iPhone = "UIInterfaceOrientationPortrait UIInterfaceOrientationLandscapeLeft UIInterfaceOrientationLandscapeRight";
				IPHONEOS_DEPLOYMENT_TARGET = 16.0;
				LD_RUNPATH_SEARCH_PATHS = (
					"$(inherited)",
					"@executable_path/Frameworks",
				);
				MARKETING_VERSION = 1.0;
				PRODUCT_BUNDLE_IDENTIFIER = com.applage.w.Led;
				PRODUCT_NAME = "$(TARGET_NAME)";
				SUPPORTED_PLATFORMS = "iphoneos iphonesimulator";
				SUPPORTS_MACCATALYST = NO;
				SUPPORTS_MAC_DESIGNED_FOR_IPHONE_IPAD = NO;
				SUPPORTS_XR_DESIGNED_FOR_IPHONE_IPAD = NO;
				SWIFT_EMIT_LOC_STRINGS = YES;
				SWIFT_VERSION = 5.0;
				TARGETED_DEVICE_FAMILY = 1;
			};
			name = Release;
		};
		F6EB01222B8C9FBC005139CC /* Debug */ = {
			isa = XCBuildConfiguration;
			buildSettings = {
				ALWAYS_EMBED_SWIFT_STANDARD_LIBRARIES = YES;
				BUNDLE_LOADER = "$(TEST_HOST)";
				CODE_SIGN_STYLE = Automatic;
				CURRENT_PROJECT_VERSION = 1;
				DEVELOPMENT_TEAM = 6NNWR2JHQ8;
				GENERATE_INFOPLIST_FILE = YES;
				IPHONEOS_DEPLOYMENT_TARGET = 17.2;
				MARKETING_VERSION = 1.0;
				PRODUCT_BUNDLE_IDENTIFIER = w.LedLampTests;
				PRODUCT_NAME = "$(TARGET_NAME)";
				SWIFT_EMIT_LOC_STRINGS = NO;
				SWIFT_VERSION = 5.0;
				TARGETED_DEVICE_FAMILY = "1,2";
				TEST_HOST = "$(BUILT_PRODUCTS_DIR)/LedLamp.app/$(BUNDLE_EXECUTABLE_FOLDER_PATH)/LedLamp";
			};
			name = Debug;
		};
		F6EB01232B8C9FBC005139CC /* Release */ = {
			isa = XCBuildConfiguration;
			buildSettings = {
				ALWAYS_EMBED_SWIFT_STANDARD_LIBRARIES = YES;
				BUNDLE_LOADER = "$(TEST_HOST)";
				CODE_SIGN_STYLE = Automatic;
				CURRENT_PROJECT_VERSION = 1;
				DEVELOPMENT_TEAM = 6NNWR2JHQ8;
				GENERATE_INFOPLIST_FILE = YES;
				IPHONEOS_DEPLOYMENT_TARGET = 17.2;
				MARKETING_VERSION = 1.0;
				PRODUCT_BUNDLE_IDENTIFIER = com.applage.w.Led;
				PRODUCT_NAME = "$(TARGET_NAME)";
				SWIFT_EMIT_LOC_STRINGS = NO;
				SWIFT_VERSION = 5.0;
				TARGETED_DEVICE_FAMILY = "1,2";
				TEST_HOST = "$(BUILT_PRODUCTS_DIR)/LedLamp.app/$(BUNDLE_EXECUTABLE_FOLDER_PATH)/LedLamp";
			};
			name = Release;
		};
		F6EB01252B8C9FBC005139CC /* Debug */ = {
			isa = XCBuildConfiguration;
			buildSettings = {
				ALWAYS_EMBED_SWIFT_STANDARD_LIBRARIES = YES;
				CODE_SIGN_STYLE = Automatic;
				CURRENT_PROJECT_VERSION = 1;
				DEVELOPMENT_TEAM = 6NNWR2JHQ8;
				GENERATE_INFOPLIST_FILE = YES;
				MARKETING_VERSION = 1.0;
				PRODUCT_BUNDLE_IDENTIFIER = w.LedLampUITests;
				PRODUCT_NAME = "$(TARGET_NAME)";
				SWIFT_EMIT_LOC_STRINGS = NO;
				SWIFT_VERSION = 5.0;
				TARGETED_DEVICE_FAMILY = "1,2";
				TEST_TARGET_NAME = LedLamp;
			};
			name = Debug;
		};
		F6EB01262B8C9FBC005139CC /* Release */ = {
			isa = XCBuildConfiguration;
			buildSettings = {
				ALWAYS_EMBED_SWIFT_STANDARD_LIBRARIES = YES;
				CODE_SIGN_STYLE = Automatic;
				CURRENT_PROJECT_VERSION = 1;
				DEVELOPMENT_TEAM = 6NNWR2JHQ8;
				GENERATE_INFOPLIST_FILE = YES;
				MARKETING_VERSION = 1.0;
				PRODUCT_BUNDLE_IDENTIFIER = com.applage.w.Led;
				PRODUCT_NAME = "$(TARGET_NAME)";
				SWIFT_EMIT_LOC_STRINGS = NO;
				SWIFT_VERSION = 5.0;
				TARGETED_DEVICE_FAMILY = "1,2";
				TEST_TARGET_NAME = LedLamp;
			};
			name = Release;
		};
/* End XCBuildConfiguration section */

/* Begin XCConfigurationList section */
		F6EB00EF2B8C9FBB005139CC /* Build configuration list for PBXProject "LedLamp" */ = {
			isa = XCConfigurationList;
			buildConfigurations = (
				F6EB011C2B8C9FBC005139CC /* Debug */,
				F6EB011D2B8C9FBC005139CC /* Release */,
			);
			defaultConfigurationIsVisible = 0;
			defaultConfigurationName = Release;
		};
		F6EB011E2B8C9FBC005139CC /* Build configuration list for PBXNativeTarget "LedLamp" */ = {
			isa = XCConfigurationList;
			buildConfigurations = (
				F6EB011F2B8C9FBC005139CC /* Debug */,
				F6EB01202B8C9FBC005139CC /* Release */,
			);
			defaultConfigurationIsVisible = 0;
			defaultConfigurationName = Release;
		};
		F6EB01212B8C9FBC005139CC /* Build configuration list for PBXNativeTarget "LedLampTests" */ = {
			isa = XCConfigurationList;
			buildConfigurations = (
				F6EB01222B8C9FBC005139CC /* Debug */,
				F6EB01232B8C9FBC005139CC /* Release */,
			);
			defaultConfigurationIsVisible = 0;
			defaultConfigurationName = Release;
		};
		F6EB01242B8C9FBC005139CC /* Build configuration list for PBXNativeTarget "LedLampUITests" */ = {
			isa = XCConfigurationList;
			buildConfigurations = (
				F6EB01252B8C9FBC005139CC /* Debug */,
				F6EB01262B8C9FBC005139CC /* Release */,
			);
			defaultConfigurationIsVisible = 0;
			defaultConfigurationName = Release;
		};
/* End XCConfigurationList section */

/* Begin XCRemoteSwiftPackageReference section */
		115E47682B9A3E7E009E8B85 /* XCRemoteSwiftPackageReference "FlexColorPicker" */ = {
			isa = XCRemoteSwiftPackageReference;
			repositoryURL = "https://github.com/RastislavMirek/FlexColorPicker.git";
			requirement = {
				kind = upToNextMajorVersion;
				minimumVersion = 1.4.4;
			};
		};
		11E0BA0B2B98EE7000656C31 /* XCRemoteSwiftPackageReference "AxisTabView" */ = {
			isa = XCRemoteSwiftPackageReference;
			repositoryURL = "https://github.com/jasudev/AxisTabView.git";
			requirement = {
				kind = upToNextMajorVersion;
				minimumVersion = 0.5.1;
			};
		};
		F6EFECA82B8E491300041B96 /* XCRemoteSwiftPackageReference "BottomSheet" */ = {
			isa = XCRemoteSwiftPackageReference;
			repositoryURL = "https://github.com/joomcode/BottomSheet";
			requirement = {
				kind = upToNextMajorVersion;
				minimumVersion = 2.0.5;
			};
		};
		F6F827652B9086D300F1BB61 /* XCRemoteSwiftPackageReference "IQKeyboardManager" */ = {
			isa = XCRemoteSwiftPackageReference;
			repositoryURL = "https://github.com/hackiftekhar/IQKeyboardManager.git";
			requirement = {
				kind = upToNextMajorVersion;
				minimumVersion = 7.0.1;
			};
		};
/* End XCRemoteSwiftPackageReference section */

/* Begin XCSwiftPackageProductDependency section */
		115E47692B9A3E7E009E8B85 /* FlexColorPicker */ = {
			isa = XCSwiftPackageProductDependency;
			package = 115E47682B9A3E7E009E8B85 /* XCRemoteSwiftPackageReference "FlexColorPicker" */;
			productName = FlexColorPicker;
		};
		11E0BA0C2B98EE7000656C31 /* AxisTabView */ = {
			isa = XCSwiftPackageProductDependency;
			package = 11E0BA0B2B98EE7000656C31 /* XCRemoteSwiftPackageReference "AxisTabView" */;
			productName = AxisTabView;
		};
		F6EFECA92B8E491300041B96 /* BottomSheet */ = {
			isa = XCSwiftPackageProductDependency;
			package = F6EFECA82B8E491300041B96 /* XCRemoteSwiftPackageReference "BottomSheet" */;
			productName = BottomSheet;
		};
		F6F827662B9086D300F1BB61 /* IQKeyboardManagerSwift */ = {
			isa = XCSwiftPackageProductDependency;
			package = F6F827652B9086D300F1BB61 /* XCRemoteSwiftPackageReference "IQKeyboardManager" */;
			productName = IQKeyboardManagerSwift;
		};
/* End XCSwiftPackageProductDependency section */

/* Begin XCVersionGroup section */
		118EAD0F2B96641600F6A8BD /* LEDapp.xcdatamodeld */ = {
			isa = XCVersionGroup;
			children = (
				118EAD102B96641600F6A8BD /* LEDapp.xcdatamodel */,
			);
			currentVersion = 118EAD102B96641600F6A8BD /* LEDapp.xcdatamodel */;
			path = LEDapp.xcdatamodeld;
			sourceTree = "<group>";
			versionGroupType = wrapper.xcdatamodel;
		};
/* End XCVersionGroup section */
	};
	rootObject = F6EB00EC2B8C9FBB005139CC /* Project object */;
}
